
Microsoft Visual Studio Solution File, Format Version 12.00
# Visual Studio Version 16
VisualStudioVersion = 16.0.31112.23
MinimumVisualStudioVersion = 10.0.40219.1
Project("{FAE04EC0-301F-11D3-BF4B-00C04F79EFBC}") = "SigmaBlobStorageService.Api", "SigmaBlobStorageService.Api\SigmaBlobStorageService.Api.csproj", "{58B7B6AB-57F4-4ABD-8E30-318038C8F46E}"
EndProject
Project("{FAE04EC0-301F-11D3-BF4B-00C04F79EFBC}") = "SigmBlobStorageService.Tests", "SigmBlobStorageService.Tests\SigmBlobStorageService.Tests.csproj", "{ACDFAC63-6246-4491-9B64-4EF7DECE1B8D}"
EndProject
Project("{2150E333-8FDC-42A3-9474-1A3956D46DE8}") = "Solution Items", "Solution Items", "{D1A19131-75DF-4402-88E2-5837537CA35E}"
	ProjectSection(SolutionItems) = preProject
		Readme.md = Readme.md
	EndProjectSection
EndProject
Global
	GlobalSection(SolutionConfigurationPlatforms) = preSolution
		Debug|Any CPU = Debug|Any CPU
		Release|Any CPU = Release|Any CPU
	EndGlobalSection
	GlobalSection(ProjectConfigurationPlatforms) = postSolution
		{58B7B6AB-57F4-4ABD-8E30-318038C8F46E}.Debug|Any CPU.ActiveCfg = Debug|Any CPU
		{58B7B6AB-57F4-4ABD-8E30-318038C8F46E}.Debug|Any CPU.Build.0 = Debug|Any CPU
		{58B7B6AB-57F4-4ABD-8E30-318038C8F46E}.Release|Any CPU.ActiveCfg = Release|Any CPU
		{58B7B6AB-57F4-4ABD-8E30-318038C8F46E}.Release|Any CPU.Build.0 = Release|Any CPU
		{ACDFAC63-6246-4491-9B64-4EF7DECE1B8D}.Debug|Any CPU.ActiveCfg = Debug|Any CPU
		{ACDFAC63-6246-4491-9B64-4EF7DECE1B8D}.Debug|Any CPU.Build.0 = Debug|Any CPU
		{ACDFAC63-6246-4491-9B64-4EF7DECE1B8D}.Release|Any CPU.ActiveCfg = Release|Any CPU
		{ACDFAC63-6246-4491-9B64-4EF7DECE1B8D}.Release|Any CPU.Build.0 = Release|Any CPU
	EndGlobalSection
	GlobalSection(SolutionProperties) = preSolution
		HideSolutionNode = FALSE
	EndGlobalSection
	GlobalSection(ExtensibilityGlobals) = postSolution
		SolutionGuid = {BE3B3785-55A2-4321-9B08-FA8C0DDF0E63}
	EndGlobalSection
EndGlobal
